
Microsoft Visual Studio Solution File, Format Version 12.00
# Visual Studio Version 16
VisualStudioVersion = 16.0.31613.86
MinimumVisualStudioVersion = 10.0.40219.1
Project("{9A19103F-16F7-4668-BE54-9A1E7A4F7556}") = "learningVisualStudio", "learning Visual Studio\learningVisualStudio.csproj", "{EB38A486-5779-4774-94D6-48DECA41277B}"
EndProject
Global
	GlobalSection(SolutionConfigurationPlatforms) = preSolution
		Debug|Any CPU = Debug|Any CPU
		Release|Any CPU = Release|Any CPU
	EndGlobalSection
	GlobalSection(ProjectConfigurationPlatforms) = postSolution
		{EB38A486-5779-4774-94D6-48DECA41277B}.Debug|Any CPU.ActiveCfg = Debug|Any CPU
		{EB38A486-5779-4774-94D6-48DECA41277B}.Debug|Any CPU.Build.0 = Debug|Any CPU
		{EB38A486-5779-4774-94D6-48DECA41277B}.Release|Any CPU.ActiveCfg = Release|Any CPU
		{EB38A486-5779-4774-94D6-48DECA41277B}.Release|Any CPU.Build.0 = Release|Any CPU
	EndGlobalSection
	GlobalSection(SolutionProperties) = preSolution
		HideSolutionNode = FALSE
	EndGlobalSection
	GlobalSection(ExtensibilityGlobals) = postSolution
		SolutionGuid = {A7916DEC-E2E8-4AB5-9D78-B8EBECC5FD71}
	EndGlobalSection
EndGlobal
